
Microsoft Visual Studio Solution File, Format Version 12.00
# Visual Studio 15
Project("{FAE04EC0-301F-11D3-BF4B-00C04F79EFBC}") = "Assembly-CSharp", "Assembly-CSharp.csproj", "{F147187D-A1DC-22FC-C397-ED6EAE4655FA}"
EndProject
Project("{FAE04EC0-301F-11D3-BF4B-00C04F79EFBC}") = "Unity.Scripting.Python.Samples.PySide", "Unity.Scripting.Python.Samples.PySide.csproj", "{263088F9-9634-C778-06CE-7E46AC3ABDB4}"
EndProject
Global
	GlobalSection(SolutionConfigurationPlatforms) = preSolution
		Debug|Any CPU = Debug|Any CPU
		Release|Any CPU = Release|Any CPU
	EndGlobalSection
	GlobalSection(ProjectConfigurationPlatforms) = postSolution
		{F147187D-A1DC-22FC-C397-ED6EAE4655FA}.Debug|Any CPU.ActiveCfg = Debug|Any CPU
		{F147187D-A1DC-22FC-C397-ED6EAE4655FA}.Debug|Any CPU.Build.0 = Debug|Any CPU
		{F147187D-A1DC-22FC-C397-ED6EAE4655FA}.Release|Any CPU.ActiveCfg = Release|Any CPU
		{F147187D-A1DC-22FC-C397-ED6EAE4655FA}.Release|Any CPU.Build.0 = Release|Any CPU
		{263088F9-9634-C778-06CE-7E46AC3ABDB4}.Debug|Any CPU.ActiveCfg = Debug|Any CPU
		{263088F9-9634-C778-06CE-7E46AC3ABDB4}.Debug|Any CPU.Build.0 = Debug|Any CPU
		{263088F9-9634-C778-06CE-7E46AC3ABDB4}.Release|Any CPU.ActiveCfg = Release|Any CPU
		{263088F9-9634-C778-06CE-7E46AC3ABDB4}.Release|Any CPU.Build.0 = Release|Any CPU
	EndGlobalSection
	GlobalSection(SolutionProperties) = preSolution
		HideSolutionNode = FALSE
	EndGlobalSection
EndGlobal
